PODS:
  - Alamofire (3.5.0)
  - VMLogger (0.3.0):
    - Alamofire

DEPENDENCIES:
  - VMLogger (from `../`)

EXTERNAL SOURCES:
  VMLogger:
    :path: ../

SPEC CHECKSUMS:
  Alamofire: b70a7352335f8ea5babd0a923eb7e8eacc67b877
  VMLogger: f6281abdaae3aa3e909127b9613cf4b6d3dbe751

PODFILE CHECKSUM: d483250f4559cd96778faf31a32d424b4a21400b

COCOAPODS: 1.1.0.beta.1
